
Microsoft Visual Studio Solution File, Format Version 12.00
# Visual Studio Version 17
VisualStudioVersion = 17.9.34622.214
MinimumVisualStudioVersion = 10.0.40219.1
Project("{FAE04EC0-301F-11D3-BF4B-00C04F79EFBC}") = "RockPaperScissors", "RockPaperScissors\RockPaperScissors.csproj", "{B459F5DE-37AE-4391-B773-A22817DB317D}"
EndProject
Global
	GlobalSection(SolutionConfigurationPlatforms) = preSolution
		Debug|Any CPU = Debug|Any CPU
		Release|Any CPU = Release|Any CPU
	EndGlobalSection
	GlobalSection(ProjectConfigurationPlatforms) = postSolution
		{B459F5DE-37AE-4391-B773-A22817DB317D}.Debug|Any CPU.ActiveCfg = Debug|Any CPU
		{B459F5DE-37AE-4391-B773-A22817DB317D}.Debug|Any CPU.Build.0 = Debug|Any CPU
		{B459F5DE-37AE-4391-B773-A22817DB317D}.Release|Any CPU.ActiveCfg = Release|Any CPU
		{B459F5DE-37AE-4391-B773-A22817DB317D}.Release|Any CPU.Build.0 = Release|Any CPU
	EndGlobalSection
	GlobalSection(SolutionProperties) = preSolution
		HideSolutionNode = FALSE
	EndGlobalSection
	GlobalSection(ExtensibilityGlobals) = postSolution
		SolutionGuid = {E783DE43-8685-40E2-9787-256A5FCD48AD}
	EndGlobalSection
EndGlobal
