
Microsoft Visual Studio Solution File, Format Version 12.00
# Visual Studio Version 17
VisualStudioVersion = 17.9.34622.214
MinimumVisualStudioVersion = 10.0.40219.1
Project("{FAE04EC0-301F-11D3-BF4B-00C04F79EFBC}") = "RealCalculator", "RealCalculator\RealCalculator.csproj", "{5A879016-4BCA-4CD9-902A-EC39E01AB585}"
EndProject
Global
	GlobalSection(SolutionConfigurationPlatforms) = preSolution
		Debug|Any CPU = Debug|Any CPU
		Release|Any CPU = Release|Any CPU
	EndGlobalSection
	GlobalSection(ProjectConfigurationPlatforms) = postSolution
		{5A879016-4BCA-4CD9-902A-EC39E01AB585}.Debug|Any CPU.ActiveCfg = Debug|Any CPU
		{5A879016-4BCA-4CD9-902A-EC39E01AB585}.Debug|Any CPU.Build.0 = Debug|Any CPU
		{5A879016-4BCA-4CD9-902A-EC39E01AB585}.Release|Any CPU.ActiveCfg = Release|Any CPU
		{5A879016-4BCA-4CD9-902A-EC39E01AB585}.Release|Any CPU.Build.0 = Release|Any CPU
	EndGlobalSection
	GlobalSection(SolutionProperties) = preSolution
		HideSolutionNode = FALSE
	EndGlobalSection
	GlobalSection(ExtensibilityGlobals) = postSolution
		SolutionGuid = {E9D8530A-8223-4627-B4A3-E16F982683B9}
	EndGlobalSection
EndGlobal
